
Microsoft Visual Studio Solution File, Format Version 12.00
# Visual Studio Version 16
VisualStudioVersion = 16.0.29230.47
MinimumVisualStudioVersion = 10.0.40219.1
Project("{FAE04EC0-301F-11D3-BF4B-00C04F79EFBC}") = "AbschlussprojektWPF", "AbschlussprojektWPF.csproj", "{9DA4B095-CBBF-4930-8020-9DC08C1A13A5}"
EndProject
Project("{FAE04EC0-301F-11D3-BF4B-00C04F79EFBC}") = "Keystroke.API", "KeystrokeAPI\Keystroke.API\Keystroke.API.csproj", "{F6FEC17E-E22D-4149-A8A8-9F64C3C905D3}"
EndProject
Global
	GlobalSection(SolutionConfigurationPlatforms) = preSolution
		Debug|Any CPU = Debug|Any CPU
		Release 3.5|Any CPU = Release 3.5|Any CPU
		Release 4.0|Any CPU = Release 4.0|Any CPU
		Release 4.5|Any CPU = Release 4.5|Any CPU
		Release 4.6|Any CPU = Release 4.6|Any CPU
		Release|Any CPU = Release|Any CPU
	EndGlobalSection
	GlobalSection(ProjectConfigurationPlatforms) = postSolution
		{9DA4B095-CBBF-4930-8020-9DC08C1A13A5}.Debug|Any CPU.ActiveCfg = Debug|Any CPU
		{9DA4B095-CBBF-4930-8020-9DC08C1A13A5}.Debug|Any CPU.Build.0 = Debug|Any CPU
		{9DA4B095-CBBF-4930-8020-9DC08C1A13A5}.Release 3.5|Any CPU.ActiveCfg = Release|Any CPU
		{9DA4B095-CBBF-4930-8020-9DC08C1A13A5}.Release 3.5|Any CPU.Build.0 = Release|Any CPU
		{9DA4B095-CBBF-4930-8020-9DC08C1A13A5}.Release 4.0|Any CPU.ActiveCfg = Release|Any CPU
		{9DA4B095-CBBF-4930-8020-9DC08C1A13A5}.Release 4.0|Any CPU.Build.0 = Release|Any CPU
		{9DA4B095-CBBF-4930-8020-9DC08C1A13A5}.Release 4.5|Any CPU.ActiveCfg = Release|Any CPU
		{9DA4B095-CBBF-4930-8020-9DC08C1A13A5}.Release 4.5|Any CPU.Build.0 = Release|Any CPU
		{9DA4B095-CBBF-4930-8020-9DC08C1A13A5}.Release 4.6|Any CPU.ActiveCfg = Release|Any CPU
		{9DA4B095-CBBF-4930-8020-9DC08C1A13A5}.Release 4.6|Any CPU.Build.0 = Release|Any CPU
		{9DA4B095-CBBF-4930-8020-9DC08C1A13A5}.Release|Any CPU.ActiveCfg = Release|Any CPU
		{9DA4B095-CBBF-4930-8020-9DC08C1A13A5}.Release|Any CPU.Build.0 = Release|Any CPU
		{F6FEC17E-E22D-4149-A8A8-9F64C3C905D3}.Debug|Any CPU.ActiveCfg = Release 3.5|Any CPU
		{F6FEC17E-E22D-4149-A8A8-9F64C3C905D3}.Debug|Any CPU.Build.0 = Release 3.5|Any CPU
		{F6FEC17E-E22D-4149-A8A8-9F64C3C905D3}.Release 3.5|Any CPU.ActiveCfg = Release 3.5|Any CPU
		{F6FEC17E-E22D-4149-A8A8-9F64C3C905D3}.Release 3.5|Any CPU.Build.0 = Release 3.5|Any CPU
		{F6FEC17E-E22D-4149-A8A8-9F64C3C905D3}.Release 4.0|Any CPU.ActiveCfg = Release 4.0|Any CPU
		{F6FEC17E-E22D-4149-A8A8-9F64C3C905D3}.Release 4.0|Any CPU.Build.0 = Release 4.0|Any CPU
		{F6FEC17E-E22D-4149-A8A8-9F64C3C905D3}.Release 4.5|Any CPU.ActiveCfg = Release 4.5|Any CPU
		{F6FEC17E-E22D-4149-A8A8-9F64C3C905D3}.Release 4.5|Any CPU.Build.0 = Release 4.5|Any CPU
		{F6FEC17E-E22D-4149-A8A8-9F64C3C905D3}.Release 4.6|Any CPU.ActiveCfg = Release 4.6|Any CPU
		{F6FEC17E-E22D-4149-A8A8-9F64C3C905D3}.Release 4.6|Any CPU.Build.0 = Release 4.6|Any CPU
		{F6FEC17E-E22D-4149-A8A8-9F64C3C905D3}.Release|Any CPU.ActiveCfg = Release 3.5|Any CPU
		{F6FEC17E-E22D-4149-A8A8-9F64C3C905D3}.Release|Any CPU.Build.0 = Release 3.5|Any CPU
	EndGlobalSection
	GlobalSection(SolutionProperties) = preSolution
		HideSolutionNode = FALSE
	EndGlobalSection
	GlobalSection(ExtensibilityGlobals) = postSolution
		SolutionGuid = {D22F0621-7F92-496A-9E6B-C0FBDEC6AF73}
	EndGlobalSection
EndGlobal
